
Microsoft Visual Studio Solution File, Format Version 12.00
# Visual Studio Version 17
VisualStudioVersion = 17.8.34309.116
MinimumVisualStudioVersion = 10.0.40219.1
Project("{2150E333-8FDC-42A3-9474-1A3956D46DE8}") = "Core", "Core", "{1B42CC2E-1503-43DE-94E8-4D134E44E2B9}"
	ProjectSection(SolutionItems) = preProject
		0_BackLog.txt = 0_BackLog.txt
	EndProjectSection
EndProject
Project("{2150E333-8FDC-42A3-9474-1A3956D46DE8}") = "Infrastructure", "Infrastructure", "{D849D275-EBB5-4B8F-8E89-11099D0FE6BB}"
EndProject
Project("{2150E333-8FDC-42A3-9474-1A3956D46DE8}") = "Presentation", "Presentation", "{C8C2DDDB-9623-422A-B966-26454071FE96}"
EndProject
Project("{2150E333-8FDC-42A3-9474-1A3956D46DE8}") = "Tests", "Tests", "{A6337FDC-3854-495C-BA78-86AB53A16E07}"
EndProject
Project("{9A19103F-16F7-4668-BE54-9A1E7A4F7556}") = "Notes.Domain", "Notes.Domain\Notes.Domain.csproj", "{C19C13D7-01B3-4989-872B-FC14E699FA28}"
EndProject
Project("{9A19103F-16F7-4668-BE54-9A1E7A4F7556}") = "Notes.Application", "Notes.Application\Notes.Application.csproj", "{016587E8-9993-4087-B157-426A709858E1}"
EndProject
Project("{9A19103F-16F7-4668-BE54-9A1E7A4F7556}") = "Notes.Persistence", "Notes.Persistence\Notes.Persistence.csproj", "{3E3EDC0C-C6D9-44B4-B627-E33EB5B9D7B8}"
EndProject
Project("{9A19103F-16F7-4668-BE54-9A1E7A4F7556}") = "Notes.webApi", "Notes.webApi\Notes.webApi.csproj", "{866BA8F6-FD1C-4EAB-8B87-8D8D0E565D47}"
EndProject
Project("{FAE04EC0-301F-11D3-BF4B-00C04F79EFBC}") = "Notes.Tests", "Notes.Tests\Notes.Tests.csproj", "{8CBB4790-7371-4B04-B0F9-B6B686F2F54E}"
EndProject
Global
	GlobalSection(SolutionConfigurationPlatforms) = preSolution
		Debug|Any CPU = Debug|Any CPU
		Release|Any CPU = Release|Any CPU
	EndGlobalSection
	GlobalSection(ProjectConfigurationPlatforms) = postSolution
		{C19C13D7-01B3-4989-872B-FC14E699FA28}.Debug|Any CPU.ActiveCfg = Debug|Any CPU
		{C19C13D7-01B3-4989-872B-FC14E699FA28}.Debug|Any CPU.Build.0 = Debug|Any CPU
		{C19C13D7-01B3-4989-872B-FC14E699FA28}.Release|Any CPU.ActiveCfg = Release|Any CPU
		{C19C13D7-01B3-4989-872B-FC14E699FA28}.Release|Any CPU.Build.0 = Release|Any CPU
		{016587E8-9993-4087-B157-426A709858E1}.Debug|Any CPU.ActiveCfg = Debug|Any CPU
		{016587E8-9993-4087-B157-426A709858E1}.Debug|Any CPU.Build.0 = Debug|Any CPU
		{016587E8-9993-4087-B157-426A709858E1}.Release|Any CPU.ActiveCfg = Release|Any CPU
		{016587E8-9993-4087-B157-426A709858E1}.Release|Any CPU.Build.0 = Release|Any CPU
		{3E3EDC0C-C6D9-44B4-B627-E33EB5B9D7B8}.Debug|Any CPU.ActiveCfg = Debug|Any CPU
		{3E3EDC0C-C6D9-44B4-B627-E33EB5B9D7B8}.Debug|Any CPU.Build.0 = Debug|Any CPU
		{3E3EDC0C-C6D9-44B4-B627-E33EB5B9D7B8}.Release|Any CPU.ActiveCfg = Release|Any CPU
		{3E3EDC0C-C6D9-44B4-B627-E33EB5B9D7B8}.Release|Any CPU.Build.0 = Release|Any CPU
		{866BA8F6-FD1C-4EAB-8B87-8D8D0E565D47}.Debug|Any CPU.ActiveCfg = Debug|Any CPU
		{866BA8F6-FD1C-4EAB-8B87-8D8D0E565D47}.Debug|Any CPU.Build.0 = Debug|Any CPU
		{866BA8F6-FD1C-4EAB-8B87-8D8D0E565D47}.Release|Any CPU.ActiveCfg = Release|Any CPU
		{866BA8F6-FD1C-4EAB-8B87-8D8D0E565D47}.Release|Any CPU.Build.0 = Release|Any CPU
		{8CBB4790-7371-4B04-B0F9-B6B686F2F54E}.Debug|Any CPU.ActiveCfg = Debug|Any CPU
		{8CBB4790-7371-4B04-B0F9-B6B686F2F54E}.Debug|Any CPU.Build.0 = Debug|Any CPU
		{8CBB4790-7371-4B04-B0F9-B6B686F2F54E}.Release|Any CPU.ActiveCfg = Release|Any CPU
		{8CBB4790-7371-4B04-B0F9-B6B686F2F54E}.Release|Any CPU.Build.0 = Release|Any CPU
	EndGlobalSection
	GlobalSection(SolutionProperties) = preSolution
		HideSolutionNode = FALSE
	EndGlobalSection
	GlobalSection(NestedProjects) = preSolution
		{C19C13D7-01B3-4989-872B-FC14E699FA28} = {1B42CC2E-1503-43DE-94E8-4D134E44E2B9}
		{016587E8-9993-4087-B157-426A709858E1} = {1B42CC2E-1503-43DE-94E8-4D134E44E2B9}
		{3E3EDC0C-C6D9-44B4-B627-E33EB5B9D7B8} = {D849D275-EBB5-4B8F-8E89-11099D0FE6BB}
		{866BA8F6-FD1C-4EAB-8B87-8D8D0E565D47} = {C8C2DDDB-9623-422A-B966-26454071FE96}
		{8CBB4790-7371-4B04-B0F9-B6B686F2F54E} = {A6337FDC-3854-495C-BA78-86AB53A16E07}
	EndGlobalSection
	GlobalSection(ExtensibilityGlobals) = postSolution
		SolutionGuid = {0CFFBEA5-999F-446C-9AC1-3435499A753F}
	EndGlobalSection
EndGlobal
